
Microsoft Visual Studio Solution File, Format Version 12.00
# Visual Studio 15
VisualStudioVersion = 15.0.28307.1169
MinimumVisualStudioVersion = 10.0.40219.1
Project("{FAE04EC0-301F-11D3-BF4B-00C04F79EFBC}") = "SEShuttle", "SEShuttle.csproj", "{0DCBC405-4471-4FF2-A704-E168DA19FB7C}"
EndProject
Global
	GlobalSection(SolutionConfigurationPlatforms) = preSolution
		Debug|x64 = Debug|x64
	EndGlobalSection
	GlobalSection(ProjectConfigurationPlatforms) = postSolution
		{0DCBC405-4471-4FF2-A704-E168DA19FB7C}.Debug|x64.ActiveCfg = Debug|x64
		{0DCBC405-4471-4FF2-A704-E168DA19FB7C}.Debug|x64.Build.0 = Debug|x64
	EndGlobalSection
	GlobalSection(SolutionProperties) = preSolution
		HideSolutionNode = FALSE
	EndGlobalSection
	GlobalSection(ExtensibilityGlobals) = postSolution
		SolutionGuid = {A23D60FC-1065-4E71-9DDC-F26E855758C8}
	EndGlobalSection
EndGlobal
